<?xml version="1.0" encoding="utf-8"?>
<Project ToolsVersion="4.0" xmlns="http://schemas.microsoft.com/developer/msbuild/2003">
  <ItemGroup>
    <Filter Include="Resource Files">
      <UniqueIdentifier>{67DA6AB6-F800-4c08-8B7A-83BB121AAD01}</UniqueIdentifier>
      <Extensions>rc;ico;cur;bmp;dlg;rc2;rct;bin;rgs;gif;jpg;jpeg;jpe;resx;tiff;tif;png;wav;mfcribbon-ms</Extensions>
    </Filter>
    <Filter Include="Program">
      <UniqueIdentifier>{3c9bd112-64c7-4017-992e-1a6648228cbc}</UniqueIdentifier>
    </Filter>
    <Filter Include="Program\Components">
      <UniqueIdentifier>{2dd1f61f-1af2-478a-a022-68cabf5be341}</UniqueIdentifier>
    </Filter>
    <Filter Include="Assets">
      <UniqueIdentifier>{db1f0ad3-bf49-4b9f-b04e-0103880677ae}</UniqueIdentifier>
    </Filter>
    <Filter Include="Drawing">
      <UniqueIdentifier>{ae28b57f-0a7a-4d6e-95e8-eeb8241e1f98}</UniqueIdentifier>
    </Filter>
    <Filter Include="Drawing\Graphics">
      <UniqueIdentifier>{306220f9-598e-4636-a4fe-5dcdda772785}</UniqueIdentifier>
    </Filter>
  </ItemGroup>
  <ItemGroup>
    <ClCompile Include="Program\Main.cpp">
      <Filter>Program</Filter>
    </ClCompile>
    <ClCompile Include="MajesticEngine\Framework\Color4.cpp" />
    <ClCompile Include="MajesticEngine\Framework\GameWindow.cpp" />
    <ClCompile Include="MajesticEngine\Framework\Point.cpp" />
    <ClCompile Include="MajesticEngine\Framework\Vector3.cpp" />
    <ClCompile Include="MajesticEngine\Graphics\GLGraphicsDevice.cpp" />
    <ClCompile Include="MajesticEngine\Graphics\GLPresentationParameters.cpp" />
    <ClCompile Include="MajesticEngine\Graphics\PrimitiveType.cpp" />
    <ClCompile Include="MajesticEngine\Input\Keyboard.cpp" />
    <ClCompile Include="MajesticEngine\Input\KeyboardState.cpp" />
    <ClCompile Include="MajesticEngine\Input\Mouse.cpp" />
    <ClCompile Include="MajesticEngine\Input\MouseState.cpp" />
  </ItemGroup>
  <ItemGroup>
    <ClInclude Include="MajesticEngine\Framework\Color4.h" />
    <ClInclude Include="MajesticEngine\Framework\GameWindow.h" />
    <ClInclude Include="MajesticEngine\Framework\Point.h" />
    <ClInclude Include="MajesticEngine\Framework\Vector3.h" />
    <ClInclude Include="MajesticEngine\Framework.h" />
    <ClInclude Include="MajesticEngine\GLGraphics.h" />
    <ClInclude Include="MajesticEngine\Graphics\GLGraphicsDevice.h" />
    <ClInclude Include="MajesticEngine\Graphics\GLPresentationParameters.h" />
    <ClInclude Include="MajesticEngine\Graphics\IGraphicsDevice.h" />
    <ClInclude Include="MajesticEngine\Graphics\IPresentationParameters.h" />
    <ClInclude Include="MajesticEngine\Graphics\PrimitiveType.h" />
    <ClInclude Include="MajesticEngine\Graphics\VertexPositionColor.h" />
    <ClInclude Include="MajesticEngine\Input\Keyboard.h" />
    <ClInclude Include="MajesticEngine\Input\KeyboardState.h" />
    <ClInclude Include="MajesticEngine\Input\Keys.h" />
    <ClInclude Include="MajesticEngine\Input\Mouse.h" />
    <ClInclude Include="MajesticEngine\Input\MouseState.h" />
    <ClInclude Include="MajesticEngine\Input.h" />
    <ClInclude Include="MajesticEngine\MajesticSystem.h" />
    <ClInclude Include="Majestic.h" />
  </ItemGroup>
</Project>